
Microsoft Visual Studio Solution File, Format Version 12.00
# Visual Studio 2013
VisualStudioVersion = 12.0.21005.1
MinimumVisualStudioVersion = 10.0.40219.1
Project("{8BC9CEB8-8B4A-11D0-8D11-00A0C91BC942}") = "test_5_19", "test_5_19\test_5_19.vcxproj", "{C60C567B-6A08-4217-A8C2-D1385030BFA9}"
EndProject
Global
	GlobalSection(SolutionConfigurationPlatforms) = preSolution
		Debug|Win32 = Debug|Win32
		Release|Win32 = Release|Win32
	EndGlobalSection
	GlobalSection(ProjectConfigurationPlatforms) = postSolution
		{C60C567B-6A08-4217-A8C2-D1385030BFA9}.Debug|Win32.ActiveCfg = Debug|Win32
		{C60C567B-6A08-4217-A8C2-D1385030BFA9}.Debug|Win32.Build.0 = Debug|Win32
		{C60C567B-6A08-4217-A8C2-D1385030BFA9}.Release|Win32.ActiveCfg = Release|Win32
		{C60C567B-6A08-4217-A8C2-D1385030BFA9}.Release|Win32.Build.0 = Release|Win32
	EndGlobalSection
	GlobalSection(SolutionProperties) = preSolution
		HideSolutionNode = FALSE
	EndGlobalSection
EndGlobal
